Microsoft Visual Studio Solution File, Format Version 12.00
# Visual Studio 15
VisualStudioVersion = 15.0.27130.2036
MinimumVisualStudioVersion = 10.0.40219.1
Project("{2150E333-8FDC-42A3-9474-1A3956D46DE8}") = "Solution Items", "Solution Items", "{A6878F19-D808-40A3-AEB5-DEC78FA47D5C}"
	ProjectSection(SolutionItems) = preProject
		.editorconfig = .editorconfig
		appveyor.yml = appveyor.yml
		NuGet.Config = NuGet.Config
		stylecop.json = stylecop.json
	EndProjectSection
EndProject
Project("{2150E333-8FDC-42A3-9474-1A3956D46DE8}") = "src", "src", "{893DD448-96BF-4115-94D6-E85E6466F614}"
EndProject
Project("{2150E333-8FDC-42A3-9474-1A3956D46DE8}") = "test", "test", "{36D4F041-A871-48E0-89FC-9B47E9A71383}"
EndProject
Project("{9A19103F-16F7-4668-BE54-9A1E7A4F7556}") = "MvcToolkit.Core", "src\Lizards.MvcToolkit.Core\MvcToolkit.Core.csproj", "{E740CB13-091B-4A68-B90D-839BBE98658F}"
EndProject
Project("{9A19103F-16F7-4668-BE54-9A1E7A4F7556}") = "Shards.Data", "src\Lizards.MvcToolkit.Shards.Data\Shards.Data.csproj", "{E1062633-4235-4D03-ADCF-3903F35988E1}"
EndProject
Project("{9A19103F-16F7-4668-BE54-9A1E7A4F7556}") = "FeatureSlices", "src\Lizards.MvcToolkit.FeatureSlices\FeatureSlices.csproj", "{A7CB9528-4A25-458B-926D-FB146AEADCEC}"
EndProject
Project("{9A19103F-16F7-4668-BE54-9A1E7A4F7556}") = "MvcToolkit.Defaults", "src\Lizards.MvcToolkit.DefaultShards\MvcToolkit.Defaults.csproj", "{9E5A9467-1C8A-4B81-9FE4-6C1B90525A7E}"
EndProject
Project("{6EC3EE1D-3C4E-46DD-8F32-0CC8E7565705}") = "Lizards.MvcToolkit.FeatureSlices.Tests", "test\Lizards.MvcToolkit.FeatureSlices.Tests\Lizards.MvcToolkit.FeatureSlices.Tests.fsproj", "{D560B056-1AB3-454F-92AB-84FCBC559C93}"
EndProject
Global
	GlobalSection(SolutionConfigurationPlatforms) = preSolution
		Debug|Any CPU = Debug|Any CPU
		Debug|x64 = Debug|x64
		Debug|x86 = Debug|x86
		Release|Any CPU = Release|Any CPU
		Release|x64 = Release|x64
		Release|x86 = Release|x86
	EndGlobalSection
	GlobalSection(ProjectConfigurationPlatforms) = postSolution
		{E740CB13-091B-4A68-B90D-839BBE98658F}.Debug|Any CPU.ActiveCfg = Debug|Any CPU
		{E740CB13-091B-4A68-B90D-839BBE98658F}.Debug|Any CPU.Build.0 = Debug|Any CPU
		{E740CB13-091B-4A68-B90D-839BBE98658F}.Debug|x64.ActiveCfg = Debug|Any CPU
		{E740CB13-091B-4A68-B90D-839BBE98658F}.Debug|x64.Build.0 = Debug|Any CPU
		{E740CB13-091B-4A68-B90D-839BBE98658F}.Debug|x86.ActiveCfg = Debug|Any CPU
		{E740CB13-091B-4A68-B90D-839BBE98658F}.Debug|x86.Build.0 = Debug|Any CPU
		{E740CB13-091B-4A68-B90D-839BBE98658F}.Release|Any CPU.ActiveCfg = Release|Any CPU
		{E740CB13-091B-4A68-B90D-839BBE98658F}.Release|Any CPU.Build.0 = Release|Any CPU
		{E740CB13-091B-4A68-B90D-839BBE98658F}.Release|x64.ActiveCfg = Release|Any CPU
		{E740CB13-091B-4A68-B90D-839BBE98658F}.Release|x64.Build.0 = Release|Any CPU
		{E740CB13-091B-4A68-B90D-839BBE98658F}.Release|x86.ActiveCfg = Release|Any CPU
		{E740CB13-091B-4A68-B90D-839BBE98658F}.Release|x86.Build.0 = Release|Any CPU
		{E1062633-4235-4D03-ADCF-3903F35988E1}.Debug|Any CPU.ActiveCfg = Debug|Any CPU
		{E1062633-4235-4D03-ADCF-3903F35988E1}.Debug|Any CPU.Build.0 = Debug|Any CPU
		{E1062633-4235-4D03-ADCF-3903F35988E1}.Debug|x64.ActiveCfg = Debug|Any CPU
		{E1062633-4235-4D03-ADCF-3903F35988E1}.Debug|x64.Build.0 = Debug|Any CPU
		{E1062633-4235-4D03-ADCF-3903F35988E1}.Debug|x86.ActiveCfg = Debug|Any CPU
		{E1062633-4235-4D03-ADCF-3903F35988E1}.Debug|x86.Build.0 = Debug|Any CPU
		{E1062633-4235-4D03-ADCF-3903F35988E1}.Release|Any CPU.ActiveCfg = Release|Any CPU
		{E1062633-4235-4D03-ADCF-3903F35988E1}.Release|Any CPU.Build.0 = Release|Any CPU
		{E1062633-4235-4D03-ADCF-3903F35988E1}.Release|x64.ActiveCfg = Release|Any CPU
		{E1062633-4235-4D03-ADCF-3903F35988E1}.Release|x64.Build.0 = Release|Any CPU
		{E1062633-4235-4D03-ADCF-3903F35988E1}.Release|x86.ActiveCfg = Release|Any CPU
		{E1062633-4235-4D03-ADCF-3903F35988E1}.Release|x86.Build.0 = Release|Any CPU
		{A7CB9528-4A25-458B-926D-FB146AEADCEC}.Debug|Any CPU.ActiveCfg = Debug|Any CPU
		{A7CB9528-4A25-458B-926D-FB146AEADCEC}.Debug|Any CPU.Build.0 = Debug|Any CPU
		{A7CB9528-4A25-458B-926D-FB146AEADCEC}.Debug|x64.ActiveCfg = Debug|Any CPU
		{A7CB9528-4A25-458B-926D-FB146AEADCEC}.Debug|x64.Build.0 = Debug|Any CPU
		{A7CB9528-4A25-458B-926D-FB146AEADCEC}.Debug|x86.ActiveCfg = Debug|Any CPU
		{A7CB9528-4A25-458B-926D-FB146AEADCEC}.Debug|x86.Build.0 = Debug|Any CPU
		{A7CB9528-4A25-458B-926D-FB146AEADCEC}.Release|Any CPU.ActiveCfg = Release|Any CPU
		{A7CB9528-4A25-458B-926D-FB146AEADCEC}.Release|Any CPU.Build.0 = Release|Any CPU
		{A7CB9528-4A25-458B-926D-FB146AEADCEC}.Release|x64.ActiveCfg = Release|Any CPU
		{A7CB9528-4A25-458B-926D-FB146AEADCEC}.Release|x64.Build.0 = Release|Any CPU
		{A7CB9528-4A25-458B-926D-FB146AEADCEC}.Release|x86.ActiveCfg = Release|Any CPU
		{A7CB9528-4A25-458B-926D-FB146AEADCEC}.Release|x86.Build.0 = Release|Any CPU
		{9E5A9467-1C8A-4B81-9FE4-6C1B90525A7E}.Debug|Any CPU.ActiveCfg = Debug|Any CPU
		{9E5A9467-1C8A-4B81-9FE4-6C1B90525A7E}.Debug|Any CPU.Build.0 = Debug|Any CPU
		{9E5A9467-1C8A-4B81-9FE4-6C1B90525A7E}.Debug|x64.ActiveCfg = Debug|Any CPU
		{9E5A9467-1C8A-4B81-9FE4-6C1B90525A7E}.Debug|x64.Build.0 = Debug|Any CPU
		{9E5A9467-1C8A-4B81-9FE4-6C1B90525A7E}.Debug|x86.ActiveCfg = Debug|Any CPU
		{9E5A9467-1C8A-4B81-9FE4-6C1B90525A7E}.Debug|x86.Build.0 = Debug|Any CPU
		{9E5A9467-1C8A-4B81-9FE4-6C1B90525A7E}.Release|Any CPU.ActiveCfg = Release|Any CPU
		{9E5A9467-1C8A-4B81-9FE4-6C1B90525A7E}.Release|Any CPU.Build.0 = Release|Any CPU
		{9E5A9467-1C8A-4B81-9FE4-6C1B90525A7E}.Release|x64.ActiveCfg = Release|Any CPU
		{9E5A9467-1C8A-4B81-9FE4-6C1B90525A7E}.Release|x64.Build.0 = Release|Any CPU
		{9E5A9467-1C8A-4B81-9FE4-6C1B90525A7E}.Release|x86.ActiveCfg = Release|Any CPU
		{9E5A9467-1C8A-4B81-9FE4-6C1B90525A7E}.Release|x86.Build.0 = Release|Any CPU
		{D560B056-1AB3-454F-92AB-84FCBC559C93}.Debug|Any CPU.ActiveCfg = Debug|Any CPU
		{D560B056-1AB3-454F-92AB-84FCBC559C93}.Debug|Any CPU.Build.0 = Debug|Any CPU
		{D560B056-1AB3-454F-92AB-84FCBC559C93}.Debug|x64.ActiveCfg = Debug|Any CPU
		{D560B056-1AB3-454F-92AB-84FCBC559C93}.Debug|x64.Build.0 = Debug|Any CPU
		{D560B056-1AB3-454F-92AB-84FCBC559C93}.Debug|x86.ActiveCfg = Debug|Any CPU
		{D560B056-1AB3-454F-92AB-84FCBC559C93}.Debug|x86.Build.0 = Debug|Any CPU
		{D560B056-1AB3-454F-92AB-84FCBC559C93}.Release|Any CPU.ActiveCfg = Release|Any CPU
		{D560B056-1AB3-454F-92AB-84FCBC559C93}.Release|Any CPU.Build.0 = Release|Any CPU
		{D560B056-1AB3-454F-92AB-84FCBC559C93}.Release|x64.ActiveCfg = Release|Any CPU
		{D560B056-1AB3-454F-92AB-84FCBC559C93}.Release|x64.Build.0 = Release|Any CPU
		{D560B056-1AB3-454F-92AB-84FCBC559C93}.Release|x86.ActiveCfg = Release|Any CPU
		{D560B056-1AB3-454F-92AB-84FCBC559C93}.Release|x86.Build.0 = Release|Any CPU
	EndGlobalSection
	GlobalSection(SolutionProperties) = preSolution
		HideSolutionNode = FALSE
	EndGlobalSection
	GlobalSection(NestedProjects) = preSolution
		{E740CB13-091B-4A68-B90D-839BBE98658F} = {893DD448-96BF-4115-94D6-E85E6466F614}
		{E1062633-4235-4D03-ADCF-3903F35988E1} = {893DD448-96BF-4115-94D6-E85E6466F614}
		{A7CB9528-4A25-458B-926D-FB146AEADCEC} = {893DD448-96BF-4115-94D6-E85E6466F614}
		{9E5A9467-1C8A-4B81-9FE4-6C1B90525A7E} = {893DD448-96BF-4115-94D6-E85E6466F614}
		{D560B056-1AB3-454F-92AB-84FCBC559C93} = {36D4F041-A871-48E0-89FC-9B47E9A71383}
	EndGlobalSection
	GlobalSection(ExtensibilityGlobals) = postSolution
		SolutionGuid = {1ED67F7D-1272-45A2-A550-68A214A3899C}
	EndGlobalSection
EndGlobal
