
Microsoft Visual Studio Solution File, Format Version 12.00
# Visual Studio 15
VisualStudioVersion = 15.0.27130.2036
MinimumVisualStudioVersion = 10.0.40219.1
Project("{2150E333-8FDC-42A3-9474-1A3956D46DE8}") = "Solution Items", "Solution Items", "{A6878F19-D808-40A3-AEB5-DEC78FA47D5C}"
	ProjectSection(SolutionItems) = preProject
		NuGet.Config = NuGet.Config
	EndProjectSection
EndProject
Project("{2150E333-8FDC-42A3-9474-1A3956D46DE8}") = "src", "src", "{893DD448-96BF-4115-94D6-E85E6466F614}"
EndProject
Project("{9A19103F-16F7-4668-BE54-9A1E7A4F7556}") = "Picums.Data", "src\Picums.Data\Picums.Data.csproj", "{5B9A32EC-3601-445E-A5B9-F6DF8BA29AD0}"
EndProject
Project("{9A19103F-16F7-4668-BE54-9A1E7A4F7556}") = "Picums.Maybe", "src\Picums.Maybe\Picums.Maybe.csproj", "{CF23EEB6-24C7-42E8-AF26-DA7C387485EB}"
EndProject
Project("{9A19103F-16F7-4668-BE54-9A1E7A4F7556}") = "Picums.Data.Azure", "src\Picums.Data.Azure\Picums.Data.Azure.csproj", "{B564F178-2A93-4D6F-BC66-33FD386EBC09}"
EndProject
Project("{9A19103F-16F7-4668-BE54-9A1E7A4F7556}") = "Picums.GeoCoding", "src\Picums.GeoCoding\Picums.GeoCoding.csproj", "{79DC7B66-C46A-4B2E-930E-FCC22D95DC7F}"
EndProject
Project("{9A19103F-16F7-4668-BE54-9A1E7A4F7556}") = "Picums.Search.Azure", "src\Picums.Search.Azure\Picums.Search.Azure.csproj", "{DB53A7F6-8B0C-4ECC-ABD7-B9415BB4F5CE}"
EndProject
Project("{9A19103F-16F7-4668-BE54-9A1E7A4F7556}") = "Picums.Data.InMemory", "src\Picums.Data.InMemory\Picums.Data.InMemory.csproj", "{ADD9513D-105D-4940-B4AD-808CD8DFB096}"
EndProject
Project("{9A19103F-16F7-4668-BE54-9A1E7A4F7556}") = "Picums.Tests", "src\Picums.Tests\Picums.Tests.csproj", "{BEB65404-8936-4D52-B141-51EDC9082B9D}"
EndProject
Project("{2150E333-8FDC-42A3-9474-1A3956D46DE8}") = "Mvc", "Mvc", "{15353BE6-48B6-4208-A8F9-5548917EF551}"
EndProject
Project("{9A19103F-16F7-4668-BE54-9A1E7A4F7556}") = "Picums.Mvc.Localisation", "src\Mvc\Localisation\Picums.Mvc.Localisation.csproj", "{11C11E9D-9C73-45D2-ACC0-B0B86875C795}"
EndProject
Project("{9A19103F-16F7-4668-BE54-9A1E7A4F7556}") = "Picums.Mvc", "src\Mvc\Mvc\Picums.Mvc.csproj", "{A1A276DE-946A-4A2D-B208-8712F4C80FAF}"
EndProject
Project("{2150E333-8FDC-42A3-9474-1A3956D46DE8}") = "Configurations", "Configurations", "{86480E06-8AE8-443E-A9F4-894DA8CD556C}"
EndProject
Project("{9A19103F-16F7-4668-BE54-9A1E7A4F7556}") = "Picums.Mvc.Configuration.Geocoding", "src\Mvc\Configurations\Geocoding\Picums.Mvc.Configuration.Geocoding.csproj", "{DCE8356C-32D9-4414-AD4A-4103C2BEF422}"
EndProject
Project("{2150E333-8FDC-42A3-9474-1A3956D46DE8}") = "test", "test", "{36D4F041-A871-48E0-89FC-9B47E9A71383}"
EndProject
Project("{9A19103F-16F7-4668-BE54-9A1E7A4F7556}") = "Picums.Tests.Data", "test\Picums.Tests.Data\Picums.Tests.Data.csproj", "{7ABF9F2B-A1F9-4F08-A649-4CC04FAECD9A}"
EndProject
Project("{6EC3EE1D-3C4E-46DD-8F32-0CC8E7565705}") = "Picums.Tests.Data-fs", "test\Picums.Tests.Data-fs\Picums.Tests.Data-fs.fsproj", "{5DA110E0-F034-411D-A56E-7B9B265155DD}"
EndProject
Project("{6EC3EE1D-3C4E-46DD-8F32-0CC8E7565705}") = "Picums.Tests.GeoCoding", "test\Picums.Tests.GeoCoding\Picums.Tests.GeoCoding.fsproj", "{ABD2E5AC-71EA-4F37-99C9-AC791465F748}"
EndProject
Project("{6EC3EE1D-3C4E-46DD-8F32-0CC8E7565705}") = "Picums.Tests.Localisation", "test\Picums.Tests.Localisation\Picums.Tests.Localisation.fsproj", "{CFA6ED75-CBBC-4803-B448-BBD09B831510}"
EndProject
Project("{6EC3EE1D-3C4E-46DD-8F32-0CC8E7565705}") = "Picums.Tests.Maybe", "test\Picums.Tests.Maybe\Picums.Tests.Maybe.fsproj", "{44745DD2-4506-45E0-BB5F-2170AE63EB25}"
EndProject
Project("{6EC3EE1D-3C4E-46DD-8F32-0CC8E7565705}") = "Picums.Tests.Search.Azure", "test\Picums.Tests.Search.Azure\Picums.Tests.Search.Azure.fsproj", "{6EF2E1AA-B3C4-4507-BFF3-2D77B516CEEB}"
EndProject
Project("{9A19103F-16F7-4668-BE54-9A1E7A4F7556}") = "Picums.Mvc.Configuration.Data", "src\Mvc\Configurations\Data\Picums.Mvc.Configuration.Data.csproj", "{FF6660E9-7930-4982-A879-92FA93B02DAA}"
EndProject
Project("{9A19103F-16F7-4668-BE54-9A1E7A4F7556}") = "Picums.Mvc.UserAccess", "src\Mvc\UserAccess\Picums.Mvc.UserAccess.csproj", "{5362F5DF-2860-4F16-853B-1CC491774FC5}"
EndProject
Project("{9A19103F-16F7-4668-BE54-9A1E7A4F7556}") = "Picums.StyleCop", "src\Picums.StyleCop\Picums.StyleCop.csproj", "{DCC0A4CF-4AC0-4764-9698-59D4AA9786B7}"
EndProject
Project("{6EC3EE1D-3C4E-46DD-8F32-0CC8E7565705}") = "Picums.Tests.Data.Azure", "test\Picums.Tests.Data.Azure\Picums.Tests.Data.Azure.fsproj", "{EEB88385-E027-405D-9D25-9BB758605BCC}"
EndProject
Project("{6EC3EE1D-3C4E-46DD-8F32-0CC8E7565705}") = "Picums.Virtuals", "src\Picums.Virtuals\Picums.Virtuals.fsproj", "{7E9586E1-97EC-4F36-9EF2-ACEDC8F80958}"
EndProject
Project("{9A19103F-16F7-4668-BE54-9A1E7A4F7556}") = "Picums.Console", "src\Picums.Console\Picums.Console.csproj", "{102C5590-4401-491F-89A3-CF28896B65C9}"
EndProject
Global
	GlobalSection(SolutionConfigurationPlatforms) = preSolution
		Debug|Any CPU = Debug|Any CPU
		Debug|x64 = Debug|x64
		Debug|x86 = Debug|x86
		Release|Any CPU = Release|Any CPU
		Release|x64 = Release|x64
		Release|x86 = Release|x86
	EndGlobalSection
	GlobalSection(ProjectConfigurationPlatforms) = postSolution
		{5B9A32EC-3601-445E-A5B9-F6DF8BA29AD0}.Debug|Any CPU.ActiveCfg = Debug|Any CPU
		{5B9A32EC-3601-445E-A5B9-F6DF8BA29AD0}.Debug|Any CPU.Build.0 = Debug|Any CPU
		{5B9A32EC-3601-445E-A5B9-F6DF8BA29AD0}.Debug|x64.ActiveCfg = Debug|Any CPU
		{5B9A32EC-3601-445E-A5B9-F6DF8BA29AD0}.Debug|x64.Build.0 = Debug|Any CPU
		{5B9A32EC-3601-445E-A5B9-F6DF8BA29AD0}.Debug|x86.ActiveCfg = Debug|Any CPU
		{5B9A32EC-3601-445E-A5B9-F6DF8BA29AD0}.Debug|x86.Build.0 = Debug|Any CPU
		{5B9A32EC-3601-445E-A5B9-F6DF8BA29AD0}.Release|Any CPU.ActiveCfg = Release|Any CPU
		{5B9A32EC-3601-445E-A5B9-F6DF8BA29AD0}.Release|Any CPU.Build.0 = Release|Any CPU
		{5B9A32EC-3601-445E-A5B9-F6DF8BA29AD0}.Release|x64.ActiveCfg = Release|Any CPU
		{5B9A32EC-3601-445E-A5B9-F6DF8BA29AD0}.Release|x64.Build.0 = Release|Any CPU
		{5B9A32EC-3601-445E-A5B9-F6DF8BA29AD0}.Release|x86.ActiveCfg = Release|Any CPU
		{5B9A32EC-3601-445E-A5B9-F6DF8BA29AD0}.Release|x86.Build.0 = Release|Any CPU
		{CF23EEB6-24C7-42E8-AF26-DA7C387485EB}.Debug|Any CPU.ActiveCfg = Debug|Any CPU
		{CF23EEB6-24C7-42E8-AF26-DA7C387485EB}.Debug|Any CPU.Build.0 = Debug|Any CPU
		{CF23EEB6-24C7-42E8-AF26-DA7C387485EB}.Debug|x64.ActiveCfg = Debug|Any CPU
		{CF23EEB6-24C7-42E8-AF26-DA7C387485EB}.Debug|x64.Build.0 = Debug|Any CPU
		{CF23EEB6-24C7-42E8-AF26-DA7C387485EB}.Debug|x86.ActiveCfg = Debug|Any CPU
		{CF23EEB6-24C7-42E8-AF26-DA7C387485EB}.Debug|x86.Build.0 = Debug|Any CPU
		{CF23EEB6-24C7-42E8-AF26-DA7C387485EB}.Release|Any CPU.ActiveCfg = Release|Any CPU
		{CF23EEB6-24C7-42E8-AF26-DA7C387485EB}.Release|Any CPU.Build.0 = Release|Any CPU
		{CF23EEB6-24C7-42E8-AF26-DA7C387485EB}.Release|x64.ActiveCfg = Release|Any CPU
		{CF23EEB6-24C7-42E8-AF26-DA7C387485EB}.Release|x64.Build.0 = Release|Any CPU
		{CF23EEB6-24C7-42E8-AF26-DA7C387485EB}.Release|x86.ActiveCfg = Release|Any CPU
		{CF23EEB6-24C7-42E8-AF26-DA7C387485EB}.Release|x86.Build.0 = Release|Any CPU
		{B564F178-2A93-4D6F-BC66-33FD386EBC09}.Debug|Any CPU.ActiveCfg = Debug|Any CPU
		{B564F178-2A93-4D6F-BC66-33FD386EBC09}.Debug|Any CPU.Build.0 = Debug|Any CPU
		{B564F178-2A93-4D6F-BC66-33FD386EBC09}.Debug|x64.ActiveCfg = Debug|Any CPU
		{B564F178-2A93-4D6F-BC66-33FD386EBC09}.Debug|x64.Build.0 = Debug|Any CPU
		{B564F178-2A93-4D6F-BC66-33FD386EBC09}.Debug|x86.ActiveCfg = Debug|Any CPU
		{B564F178-2A93-4D6F-BC66-33FD386EBC09}.Debug|x86.Build.0 = Debug|Any CPU
		{B564F178-2A93-4D6F-BC66-33FD386EBC09}.Release|Any CPU.ActiveCfg = Release|Any CPU
		{B564F178-2A93-4D6F-BC66-33FD386EBC09}.Release|Any CPU.Build.0 = Release|Any CPU
		{B564F178-2A93-4D6F-BC66-33FD386EBC09}.Release|x64.ActiveCfg = Release|Any CPU
		{B564F178-2A93-4D6F-BC66-33FD386EBC09}.Release|x64.Build.0 = Release|Any CPU
		{B564F178-2A93-4D6F-BC66-33FD386EBC09}.Release|x86.ActiveCfg = Release|Any CPU
		{B564F178-2A93-4D6F-BC66-33FD386EBC09}.Release|x86.Build.0 = Release|Any CPU
		{79DC7B66-C46A-4B2E-930E-FCC22D95DC7F}.Debug|Any CPU.ActiveCfg = Debug|Any CPU
		{79DC7B66-C46A-4B2E-930E-FCC22D95DC7F}.Debug|Any CPU.Build.0 = Debug|Any CPU
		{79DC7B66-C46A-4B2E-930E-FCC22D95DC7F}.Debug|x64.ActiveCfg = Debug|Any CPU
		{79DC7B66-C46A-4B2E-930E-FCC22D95DC7F}.Debug|x64.Build.0 = Debug|Any CPU
		{79DC7B66-C46A-4B2E-930E-FCC22D95DC7F}.Debug|x86.ActiveCfg = Debug|Any CPU
		{79DC7B66-C46A-4B2E-930E-FCC22D95DC7F}.Debug|x86.Build.0 = Debug|Any CPU
		{79DC7B66-C46A-4B2E-930E-FCC22D95DC7F}.Release|Any CPU.ActiveCfg = Release|Any CPU
		{79DC7B66-C46A-4B2E-930E-FCC22D95DC7F}.Release|Any CPU.Build.0 = Release|Any CPU
		{79DC7B66-C46A-4B2E-930E-FCC22D95DC7F}.Release|x64.ActiveCfg = Release|Any CPU
		{79DC7B66-C46A-4B2E-930E-FCC22D95DC7F}.Release|x64.Build.0 = Release|Any CPU
		{79DC7B66-C46A-4B2E-930E-FCC22D95DC7F}.Release|x86.ActiveCfg = Release|Any CPU
		{79DC7B66-C46A-4B2E-930E-FCC22D95DC7F}.Release|x86.Build.0 = Release|Any CPU
		{DB53A7F6-8B0C-4ECC-ABD7-B9415BB4F5CE}.Debug|Any CPU.ActiveCfg = Debug|Any CPU
		{DB53A7F6-8B0C-4ECC-ABD7-B9415BB4F5CE}.Debug|Any CPU.Build.0 = Debug|Any CPU
		{DB53A7F6-8B0C-4ECC-ABD7-B9415BB4F5CE}.Debug|x64.ActiveCfg = Debug|Any CPU
		{DB53A7F6-8B0C-4ECC-ABD7-B9415BB4F5CE}.Debug|x64.Build.0 = Debug|Any CPU
		{DB53A7F6-8B0C-4ECC-ABD7-B9415BB4F5CE}.Debug|x86.ActiveCfg = Debug|Any CPU
		{DB53A7F6-8B0C-4ECC-ABD7-B9415BB4F5CE}.Debug|x86.Build.0 = Debug|Any CPU
		{DB53A7F6-8B0C-4ECC-ABD7-B9415BB4F5CE}.Release|Any CPU.ActiveCfg = Release|Any CPU
		{DB53A7F6-8B0C-4ECC-ABD7-B9415BB4F5CE}.Release|Any CPU.Build.0 = Release|Any CPU
		{DB53A7F6-8B0C-4ECC-ABD7-B9415BB4F5CE}.Release|x64.ActiveCfg = Release|Any CPU
		{DB53A7F6-8B0C-4ECC-ABD7-B9415BB4F5CE}.Release|x64.Build.0 = Release|Any CPU
		{DB53A7F6-8B0C-4ECC-ABD7-B9415BB4F5CE}.Release|x86.ActiveCfg = Release|Any CPU
		{DB53A7F6-8B0C-4ECC-ABD7-B9415BB4F5CE}.Release|x86.Build.0 = Release|Any CPU
		{ADD9513D-105D-4940-B4AD-808CD8DFB096}.Debug|Any CPU.ActiveCfg = Debug|Any CPU
		{ADD9513D-105D-4940-B4AD-808CD8DFB096}.Debug|Any CPU.Build.0 = Debug|Any CPU
		{ADD9513D-105D-4940-B4AD-808CD8DFB096}.Debug|x64.ActiveCfg = Debug|Any CPU
		{ADD9513D-105D-4940-B4AD-808CD8DFB096}.Debug|x64.Build.0 = Debug|Any CPU
		{ADD9513D-105D-4940-B4AD-808CD8DFB096}.Debug|x86.ActiveCfg = Debug|Any CPU
		{ADD9513D-105D-4940-B4AD-808CD8DFB096}.Debug|x86.Build.0 = Debug|Any CPU
		{ADD9513D-105D-4940-B4AD-808CD8DFB096}.Release|Any CPU.ActiveCfg = Release|Any CPU
		{ADD9513D-105D-4940-B4AD-808CD8DFB096}.Release|Any CPU.Build.0 = Release|Any CPU
		{ADD9513D-105D-4940-B4AD-808CD8DFB096}.Release|x64.ActiveCfg = Release|Any CPU
		{ADD9513D-105D-4940-B4AD-808CD8DFB096}.Release|x64.Build.0 = Release|Any CPU
		{ADD9513D-105D-4940-B4AD-808CD8DFB096}.Release|x86.ActiveCfg = Release|Any CPU
		{ADD9513D-105D-4940-B4AD-808CD8DFB096}.Release|x86.Build.0 = Release|Any CPU
		{BEB65404-8936-4D52-B141-51EDC9082B9D}.Debug|Any CPU.ActiveCfg = Debug|Any CPU
		{BEB65404-8936-4D52-B141-51EDC9082B9D}.Debug|Any CPU.Build.0 = Debug|Any CPU
		{BEB65404-8936-4D52-B141-51EDC9082B9D}.Debug|x64.ActiveCfg = Debug|Any CPU
		{BEB65404-8936-4D52-B141-51EDC9082B9D}.Debug|x64.Build.0 = Debug|Any CPU
		{BEB65404-8936-4D52-B141-51EDC9082B9D}.Debug|x86.ActiveCfg = Debug|Any CPU
		{BEB65404-8936-4D52-B141-51EDC9082B9D}.Debug|x86.Build.0 = Debug|Any CPU
		{BEB65404-8936-4D52-B141-51EDC9082B9D}.Release|Any CPU.ActiveCfg = Release|Any CPU
		{BEB65404-8936-4D52-B141-51EDC9082B9D}.Release|Any CPU.Build.0 = Release|Any CPU
		{BEB65404-8936-4D52-B141-51EDC9082B9D}.Release|x64.ActiveCfg = Release|Any CPU
		{BEB65404-8936-4D52-B141-51EDC9082B9D}.Release|x64.Build.0 = Release|Any CPU
		{BEB65404-8936-4D52-B141-51EDC9082B9D}.Release|x86.ActiveCfg = Release|Any CPU
		{BEB65404-8936-4D52-B141-51EDC9082B9D}.Release|x86.Build.0 = Release|Any CPU
		{11C11E9D-9C73-45D2-ACC0-B0B86875C795}.Debug|Any CPU.ActiveCfg = Debug|Any CPU
		{11C11E9D-9C73-45D2-ACC0-B0B86875C795}.Debug|Any CPU.Build.0 = Debug|Any CPU
		{11C11E9D-9C73-45D2-ACC0-B0B86875C795}.Debug|x64.ActiveCfg = Debug|Any CPU
		{11C11E9D-9C73-45D2-ACC0-B0B86875C795}.Debug|x64.Build.0 = Debug|Any CPU
		{11C11E9D-9C73-45D2-ACC0-B0B86875C795}.Debug|x86.ActiveCfg = Debug|Any CPU
		{11C11E9D-9C73-45D2-ACC0-B0B86875C795}.Debug|x86.Build.0 = Debug|Any CPU
		{11C11E9D-9C73-45D2-ACC0-B0B86875C795}.Release|Any CPU.ActiveCfg = Release|Any CPU
		{11C11E9D-9C73-45D2-ACC0-B0B86875C795}.Release|Any CPU.Build.0 = Release|Any CPU
		{11C11E9D-9C73-45D2-ACC0-B0B86875C795}.Release|x64.ActiveCfg = Release|Any CPU
		{11C11E9D-9C73-45D2-ACC0-B0B86875C795}.Release|x64.Build.0 = Release|Any CPU
		{11C11E9D-9C73-45D2-ACC0-B0B86875C795}.Release|x86.ActiveCfg = Release|Any CPU
		{11C11E9D-9C73-45D2-ACC0-B0B86875C795}.Release|x86.Build.0 = Release|Any CPU
		{A1A276DE-946A-4A2D-B208-8712F4C80FAF}.Debug|Any CPU.ActiveCfg = Debug|Any CPU
		{A1A276DE-946A-4A2D-B208-8712F4C80FAF}.Debug|Any CPU.Build.0 = Debug|Any CPU
		{A1A276DE-946A-4A2D-B208-8712F4C80FAF}.Debug|x64.ActiveCfg = Debug|Any CPU
		{A1A276DE-946A-4A2D-B208-8712F4C80FAF}.Debug|x64.Build.0 = Debug|Any CPU
		{A1A276DE-946A-4A2D-B208-8712F4C80FAF}.Debug|x86.ActiveCfg = Debug|Any CPU
		{A1A276DE-946A-4A2D-B208-8712F4C80FAF}.Debug|x86.Build.0 = Debug|Any CPU
		{A1A276DE-946A-4A2D-B208-8712F4C80FAF}.Release|Any CPU.ActiveCfg = Release|Any CPU
		{A1A276DE-946A-4A2D-B208-8712F4C80FAF}.Release|Any CPU.Build.0 = Release|Any CPU
		{A1A276DE-946A-4A2D-B208-8712F4C80FAF}.Release|x64.ActiveCfg = Release|Any CPU
		{A1A276DE-946A-4A2D-B208-8712F4C80FAF}.Release|x64.Build.0 = Release|Any CPU
		{A1A276DE-946A-4A2D-B208-8712F4C80FAF}.Release|x86.ActiveCfg = Release|Any CPU
		{A1A276DE-946A-4A2D-B208-8712F4C80FAF}.Release|x86.Build.0 = Release|Any CPU
		{DCE8356C-32D9-4414-AD4A-4103C2BEF422}.Debug|Any CPU.ActiveCfg = Debug|Any CPU
		{DCE8356C-32D9-4414-AD4A-4103C2BEF422}.Debug|Any CPU.Build.0 = Debug|Any CPU
		{DCE8356C-32D9-4414-AD4A-4103C2BEF422}.Debug|x64.ActiveCfg = Debug|Any CPU
		{DCE8356C-32D9-4414-AD4A-4103C2BEF422}.Debug|x64.Build.0 = Debug|Any CPU
		{DCE8356C-32D9-4414-AD4A-4103C2BEF422}.Debug|x86.ActiveCfg = Debug|Any CPU
		{DCE8356C-32D9-4414-AD4A-4103C2BEF422}.Debug|x86.Build.0 = Debug|Any CPU
		{DCE8356C-32D9-4414-AD4A-4103C2BEF422}.Release|Any CPU.ActiveCfg = Release|Any CPU
		{DCE8356C-32D9-4414-AD4A-4103C2BEF422}.Release|Any CPU.Build.0 = Release|Any CPU
		{DCE8356C-32D9-4414-AD4A-4103C2BEF422}.Release|x64.ActiveCfg = Release|Any CPU
		{DCE8356C-32D9-4414-AD4A-4103C2BEF422}.Release|x64.Build.0 = Release|Any CPU
		{DCE8356C-32D9-4414-AD4A-4103C2BEF422}.Release|x86.ActiveCfg = Release|Any CPU
		{DCE8356C-32D9-4414-AD4A-4103C2BEF422}.Release|x86.Build.0 = Release|Any CPU
		{7ABF9F2B-A1F9-4F08-A649-4CC04FAECD9A}.Debug|Any CPU.ActiveCfg = Debug|Any CPU
		{7ABF9F2B-A1F9-4F08-A649-4CC04FAECD9A}.Debug|Any CPU.Build.0 = Debug|Any CPU
		{7ABF9F2B-A1F9-4F08-A649-4CC04FAECD9A}.Debug|x64.ActiveCfg = Debug|Any CPU
		{7ABF9F2B-A1F9-4F08-A649-4CC04FAECD9A}.Debug|x64.Build.0 = Debug|Any CPU
		{7ABF9F2B-A1F9-4F08-A649-4CC04FAECD9A}.Debug|x86.ActiveCfg = Debug|Any CPU
		{7ABF9F2B-A1F9-4F08-A649-4CC04FAECD9A}.Debug|x86.Build.0 = Debug|Any CPU
		{7ABF9F2B-A1F9-4F08-A649-4CC04FAECD9A}.Release|Any CPU.ActiveCfg = Release|Any CPU
		{7ABF9F2B-A1F9-4F08-A649-4CC04FAECD9A}.Release|Any CPU.Build.0 = Release|Any CPU
		{7ABF9F2B-A1F9-4F08-A649-4CC04FAECD9A}.Release|x64.ActiveCfg = Release|Any CPU
		{7ABF9F2B-A1F9-4F08-A649-4CC04FAECD9A}.Release|x64.Build.0 = Release|Any CPU
		{7ABF9F2B-A1F9-4F08-A649-4CC04FAECD9A}.Release|x86.ActiveCfg = Release|Any CPU
		{7ABF9F2B-A1F9-4F08-A649-4CC04FAECD9A}.Release|x86.Build.0 = Release|Any CPU
		{5DA110E0-F034-411D-A56E-7B9B265155DD}.Debug|Any CPU.ActiveCfg = Debug|Any CPU
		{5DA110E0-F034-411D-A56E-7B9B265155DD}.Debug|Any CPU.Build.0 = Debug|Any CPU
		{5DA110E0-F034-411D-A56E-7B9B265155DD}.Debug|x64.ActiveCfg = Debug|Any CPU
		{5DA110E0-F034-411D-A56E-7B9B265155DD}.Debug|x64.Build.0 = Debug|Any CPU
		{5DA110E0-F034-411D-A56E-7B9B265155DD}.Debug|x86.ActiveCfg = Debug|Any CPU
		{5DA110E0-F034-411D-A56E-7B9B265155DD}.Debug|x86.Build.0 = Debug|Any CPU
		{5DA110E0-F034-411D-A56E-7B9B265155DD}.Release|Any CPU.ActiveCfg = Release|Any CPU
		{5DA110E0-F034-411D-A56E-7B9B265155DD}.Release|Any CPU.Build.0 = Release|Any CPU
		{5DA110E0-F034-411D-A56E-7B9B265155DD}.Release|x64.ActiveCfg = Release|Any CPU
		{5DA110E0-F034-411D-A56E-7B9B265155DD}.Release|x64.Build.0 = Release|Any CPU
		{5DA110E0-F034-411D-A56E-7B9B265155DD}.Release|x86.ActiveCfg = Release|Any CPU
		{5DA110E0-F034-411D-A56E-7B9B265155DD}.Release|x86.Build.0 = Release|Any CPU
		{ABD2E5AC-71EA-4F37-99C9-AC791465F748}.Debug|Any CPU.ActiveCfg = Debug|Any CPU
		{ABD2E5AC-71EA-4F37-99C9-AC791465F748}.Debug|Any CPU.Build.0 = Debug|Any CPU
		{ABD2E5AC-71EA-4F37-99C9-AC791465F748}.Debug|x64.ActiveCfg = Debug|Any CPU
		{ABD2E5AC-71EA-4F37-99C9-AC791465F748}.Debug|x64.Build.0 = Debug|Any CPU
		{ABD2E5AC-71EA-4F37-99C9-AC791465F748}.Debug|x86.ActiveCfg = Debug|Any CPU
		{ABD2E5AC-71EA-4F37-99C9-AC791465F748}.Debug|x86.Build.0 = Debug|Any CPU
		{ABD2E5AC-71EA-4F37-99C9-AC791465F748}.Release|Any CPU.ActiveCfg = Release|Any CPU
		{ABD2E5AC-71EA-4F37-99C9-AC791465F748}.Release|Any CPU.Build.0 = Release|Any CPU
		{ABD2E5AC-71EA-4F37-99C9-AC791465F748}.Release|x64.ActiveCfg = Release|Any CPU
		{ABD2E5AC-71EA-4F37-99C9-AC791465F748}.Release|x64.Build.0 = Release|Any CPU
		{ABD2E5AC-71EA-4F37-99C9-AC791465F748}.Release|x86.ActiveCfg = Release|Any CPU
		{ABD2E5AC-71EA-4F37-99C9-AC791465F748}.Release|x86.Build.0 = Release|Any CPU
		{CFA6ED75-CBBC-4803-B448-BBD09B831510}.Debug|Any CPU.ActiveCfg = Debug|Any CPU
		{CFA6ED75-CBBC-4803-B448-BBD09B831510}.Debug|Any CPU.Build.0 = Debug|Any CPU
		{CFA6ED75-CBBC-4803-B448-BBD09B831510}.Debug|x64.ActiveCfg = Debug|Any CPU
		{CFA6ED75-CBBC-4803-B448-BBD09B831510}.Debug|x64.Build.0 = Debug|Any CPU
		{CFA6ED75-CBBC-4803-B448-BBD09B831510}.Debug|x86.ActiveCfg = Debug|Any CPU
		{CFA6ED75-CBBC-4803-B448-BBD09B831510}.Debug|x86.Build.0 = Debug|Any CPU
		{CFA6ED75-CBBC-4803-B448-BBD09B831510}.Release|Any CPU.ActiveCfg = Release|Any CPU
		{CFA6ED75-CBBC-4803-B448-BBD09B831510}.Release|Any CPU.Build.0 = Release|Any CPU
		{CFA6ED75-CBBC-4803-B448-BBD09B831510}.Release|x64.ActiveCfg = Release|Any CPU
		{CFA6ED75-CBBC-4803-B448-BBD09B831510}.Release|x64.Build.0 = Release|Any CPU
		{CFA6ED75-CBBC-4803-B448-BBD09B831510}.Release|x86.ActiveCfg = Release|Any CPU
		{CFA6ED75-CBBC-4803-B448-BBD09B831510}.Release|x86.Build.0 = Release|Any CPU
		{44745DD2-4506-45E0-BB5F-2170AE63EB25}.Debug|Any CPU.ActiveCfg = Debug|Any CPU
		{44745DD2-4506-45E0-BB5F-2170AE63EB25}.Debug|Any CPU.Build.0 = Debug|Any CPU
		{44745DD2-4506-45E0-BB5F-2170AE63EB25}.Debug|x64.ActiveCfg = Debug|Any CPU
		{44745DD2-4506-45E0-BB5F-2170AE63EB25}.Debug|x64.Build.0 = Debug|Any CPU
		{44745DD2-4506-45E0-BB5F-2170AE63EB25}.Debug|x86.ActiveCfg = Debug|Any CPU
		{44745DD2-4506-45E0-BB5F-2170AE63EB25}.Debug|x86.Build.0 = Debug|Any CPU
		{44745DD2-4506-45E0-BB5F-2170AE63EB25}.Release|Any CPU.ActiveCfg = Release|Any CPU
		{44745DD2-4506-45E0-BB5F-2170AE63EB25}.Release|Any CPU.Build.0 = Release|Any CPU
		{44745DD2-4506-45E0-BB5F-2170AE63EB25}.Release|x64.ActiveCfg = Release|Any CPU
		{44745DD2-4506-45E0-BB5F-2170AE63EB25}.Release|x64.Build.0 = Release|Any CPU
		{44745DD2-4506-45E0-BB5F-2170AE63EB25}.Release|x86.ActiveCfg = Release|Any CPU
		{44745DD2-4506-45E0-BB5F-2170AE63EB25}.Release|x86.Build.0 = Release|Any CPU
		{6EF2E1AA-B3C4-4507-BFF3-2D77B516CEEB}.Debug|Any CPU.ActiveCfg = Debug|Any CPU
		{6EF2E1AA-B3C4-4507-BFF3-2D77B516CEEB}.Debug|Any CPU.Build.0 = Debug|Any CPU
		{6EF2E1AA-B3C4-4507-BFF3-2D77B516CEEB}.Debug|x64.ActiveCfg = Debug|Any CPU
		{6EF2E1AA-B3C4-4507-BFF3-2D77B516CEEB}.Debug|x64.Build.0 = Debug|Any CPU
		{6EF2E1AA-B3C4-4507-BFF3-2D77B516CEEB}.Debug|x86.ActiveCfg = Debug|Any CPU
		{6EF2E1AA-B3C4-4507-BFF3-2D77B516CEEB}.Debug|x86.Build.0 = Debug|Any CPU
		{6EF2E1AA-B3C4-4507-BFF3-2D77B516CEEB}.Release|Any CPU.ActiveCfg = Release|Any CPU
		{6EF2E1AA-B3C4-4507-BFF3-2D77B516CEEB}.Release|Any CPU.Build.0 = Release|Any CPU
		{6EF2E1AA-B3C4-4507-BFF3-2D77B516CEEB}.Release|x64.ActiveCfg = Release|Any CPU
		{6EF2E1AA-B3C4-4507-BFF3-2D77B516CEEB}.Release|x64.Build.0 = Release|Any CPU
		{6EF2E1AA-B3C4-4507-BFF3-2D77B516CEEB}.Release|x86.ActiveCfg = Release|Any CPU
		{6EF2E1AA-B3C4-4507-BFF3-2D77B516CEEB}.Release|x86.Build.0 = Release|Any CPU
		{FF6660E9-7930-4982-A879-92FA93B02DAA}.Debug|Any CPU.ActiveCfg = Debug|Any CPU
		{FF6660E9-7930-4982-A879-92FA93B02DAA}.Debug|Any CPU.Build.0 = Debug|Any CPU
		{FF6660E9-7930-4982-A879-92FA93B02DAA}.Debug|x64.ActiveCfg = Debug|Any CPU
		{FF6660E9-7930-4982-A879-92FA93B02DAA}.Debug|x64.Build.0 = Debug|Any CPU
		{FF6660E9-7930-4982-A879-92FA93B02DAA}.Debug|x86.ActiveCfg = Debug|Any CPU
		{FF6660E9-7930-4982-A879-92FA93B02DAA}.Debug|x86.Build.0 = Debug|Any CPU
		{FF6660E9-7930-4982-A879-92FA93B02DAA}.Release|Any CPU.ActiveCfg = Release|Any CPU
		{FF6660E9-7930-4982-A879-92FA93B02DAA}.Release|Any CPU.Build.0 = Release|Any CPU
		{FF6660E9-7930-4982-A879-92FA93B02DAA}.Release|x64.ActiveCfg = Release|Any CPU
		{FF6660E9-7930-4982-A879-92FA93B02DAA}.Release|x64.Build.0 = Release|Any CPU
		{FF6660E9-7930-4982-A879-92FA93B02DAA}.Release|x86.ActiveCfg = Release|Any CPU
		{FF6660E9-7930-4982-A879-92FA93B02DAA}.Release|x86.Build.0 = Release|Any CPU
		{5362F5DF-2860-4F16-853B-1CC491774FC5}.Debug|Any CPU.ActiveCfg = Debug|Any CPU
		{5362F5DF-2860-4F16-853B-1CC491774FC5}.Debug|Any CPU.Build.0 = Debug|Any CPU
		{5362F5DF-2860-4F16-853B-1CC491774FC5}.Debug|x64.ActiveCfg = Debug|Any CPU
		{5362F5DF-2860-4F16-853B-1CC491774FC5}.Debug|x64.Build.0 = Debug|Any CPU
		{5362F5DF-2860-4F16-853B-1CC491774FC5}.Debug|x86.ActiveCfg = Debug|Any CPU
		{5362F5DF-2860-4F16-853B-1CC491774FC5}.Debug|x86.Build.0 = Debug|Any CPU
		{5362F5DF-2860-4F16-853B-1CC491774FC5}.Release|Any CPU.ActiveCfg = Release|Any CPU
		{5362F5DF-2860-4F16-853B-1CC491774FC5}.Release|Any CPU.Build.0 = Release|Any CPU
		{5362F5DF-2860-4F16-853B-1CC491774FC5}.Release|x64.ActiveCfg = Release|Any CPU
		{5362F5DF-2860-4F16-853B-1CC491774FC5}.Release|x64.Build.0 = Release|Any CPU
		{5362F5DF-2860-4F16-853B-1CC491774FC5}.Release|x86.ActiveCfg = Release|Any CPU
		{5362F5DF-2860-4F16-853B-1CC491774FC5}.Release|x86.Build.0 = Release|Any CPU
		{DCC0A4CF-4AC0-4764-9698-59D4AA9786B7}.Debug|Any CPU.ActiveCfg = Debug|Any CPU
		{DCC0A4CF-4AC0-4764-9698-59D4AA9786B7}.Debug|Any CPU.Build.0 = Debug|Any CPU
		{DCC0A4CF-4AC0-4764-9698-59D4AA9786B7}.Debug|x64.ActiveCfg = Debug|Any CPU
		{DCC0A4CF-4AC0-4764-9698-59D4AA9786B7}.Debug|x64.Build.0 = Debug|Any CPU
		{DCC0A4CF-4AC0-4764-9698-59D4AA9786B7}.Debug|x86.ActiveCfg = Debug|Any CPU
		{DCC0A4CF-4AC0-4764-9698-59D4AA9786B7}.Debug|x86.Build.0 = Debug|Any CPU
		{DCC0A4CF-4AC0-4764-9698-59D4AA9786B7}.Release|Any CPU.ActiveCfg = Release|Any CPU
		{DCC0A4CF-4AC0-4764-9698-59D4AA9786B7}.Release|Any CPU.Build.0 = Release|Any CPU
		{DCC0A4CF-4AC0-4764-9698-59D4AA9786B7}.Release|x64.ActiveCfg = Release|Any CPU
		{DCC0A4CF-4AC0-4764-9698-59D4AA9786B7}.Release|x64.Build.0 = Release|Any CPU
		{DCC0A4CF-4AC0-4764-9698-59D4AA9786B7}.Release|x86.ActiveCfg = Release|Any CPU
		{DCC0A4CF-4AC0-4764-9698-59D4AA9786B7}.Release|x86.Build.0 = Release|Any CPU
		{EEB88385-E027-405D-9D25-9BB758605BCC}.Debug|Any CPU.ActiveCfg = Debug|Any CPU
		{EEB88385-E027-405D-9D25-9BB758605BCC}.Debug|Any CPU.Build.0 = Debug|Any CPU
		{EEB88385-E027-405D-9D25-9BB758605BCC}.Debug|x64.ActiveCfg = Debug|Any CPU
		{EEB88385-E027-405D-9D25-9BB758605BCC}.Debug|x64.Build.0 = Debug|Any CPU
		{EEB88385-E027-405D-9D25-9BB758605BCC}.Debug|x86.ActiveCfg = Debug|Any CPU
		{EEB88385-E027-405D-9D25-9BB758605BCC}.Debug|x86.Build.0 = Debug|Any CPU
		{EEB88385-E027-405D-9D25-9BB758605BCC}.Release|Any CPU.ActiveCfg = Release|Any CPU
		{EEB88385-E027-405D-9D25-9BB758605BCC}.Release|Any CPU.Build.0 = Release|Any CPU
		{EEB88385-E027-405D-9D25-9BB758605BCC}.Release|x64.ActiveCfg = Release|Any CPU
		{EEB88385-E027-405D-9D25-9BB758605BCC}.Release|x64.Build.0 = Release|Any CPU
		{EEB88385-E027-405D-9D25-9BB758605BCC}.Release|x86.ActiveCfg = Release|Any CPU
		{EEB88385-E027-405D-9D25-9BB758605BCC}.Release|x86.Build.0 = Release|Any CPU
		{7E9586E1-97EC-4F36-9EF2-ACEDC8F80958}.Debug|Any CPU.ActiveCfg = Debug|Any CPU
		{7E9586E1-97EC-4F36-9EF2-ACEDC8F80958}.Debug|Any CPU.Build.0 = Debug|Any CPU
		{7E9586E1-97EC-4F36-9EF2-ACEDC8F80958}.Debug|x64.ActiveCfg = Debug|Any CPU
		{7E9586E1-97EC-4F36-9EF2-ACEDC8F80958}.Debug|x64.Build.0 = Debug|Any CPU
		{7E9586E1-97EC-4F36-9EF2-ACEDC8F80958}.Debug|x86.ActiveCfg = Debug|Any CPU
		{7E9586E1-97EC-4F36-9EF2-ACEDC8F80958}.Debug|x86.Build.0 = Debug|Any CPU
		{7E9586E1-97EC-4F36-9EF2-ACEDC8F80958}.Release|Any CPU.ActiveCfg = Release|Any CPU
		{7E9586E1-97EC-4F36-9EF2-ACEDC8F80958}.Release|Any CPU.Build.0 = Release|Any CPU
		{7E9586E1-97EC-4F36-9EF2-ACEDC8F80958}.Release|x64.ActiveCfg = Release|Any CPU
		{7E9586E1-97EC-4F36-9EF2-ACEDC8F80958}.Release|x64.Build.0 = Release|Any CPU
		{7E9586E1-97EC-4F36-9EF2-ACEDC8F80958}.Release|x86.ActiveCfg = Release|Any CPU
		{7E9586E1-97EC-4F36-9EF2-ACEDC8F80958}.Release|x86.Build.0 = Release|Any CPU
		{102C5590-4401-491F-89A3-CF28896B65C9}.Debug|Any CPU.ActiveCfg = Debug|Any CPU
		{102C5590-4401-491F-89A3-CF28896B65C9}.Debug|Any CPU.Build.0 = Debug|Any CPU
		{102C5590-4401-491F-89A3-CF28896B65C9}.Debug|x64.ActiveCfg = Debug|Any CPU
		{102C5590-4401-491F-89A3-CF28896B65C9}.Debug|x64.Build.0 = Debug|Any CPU
		{102C5590-4401-491F-89A3-CF28896B65C9}.Debug|x86.ActiveCfg = Debug|Any CPU
		{102C5590-4401-491F-89A3-CF28896B65C9}.Debug|x86.Build.0 = Debug|Any CPU
		{102C5590-4401-491F-89A3-CF28896B65C9}.Release|Any CPU.ActiveCfg = Release|Any CPU
		{102C5590-4401-491F-89A3-CF28896B65C9}.Release|Any CPU.Build.0 = Release|Any CPU
		{102C5590-4401-491F-89A3-CF28896B65C9}.Release|x64.ActiveCfg = Release|Any CPU
		{102C5590-4401-491F-89A3-CF28896B65C9}.Release|x64.Build.0 = Release|Any CPU
		{102C5590-4401-491F-89A3-CF28896B65C9}.Release|x86.ActiveCfg = Release|Any CPU
		{102C5590-4401-491F-89A3-CF28896B65C9}.Release|x86.Build.0 = Release|Any CPU
	EndGlobalSection
	GlobalSection(SolutionProperties) = preSolution
		HideSolutionNode = FALSE
	EndGlobalSection
	GlobalSection(NestedProjects) = preSolution
		{5B9A32EC-3601-445E-A5B9-F6DF8BA29AD0} = {893DD448-96BF-4115-94D6-E85E6466F614}
		{CF23EEB6-24C7-42E8-AF26-DA7C387485EB} = {893DD448-96BF-4115-94D6-E85E6466F614}
		{B564F178-2A93-4D6F-BC66-33FD386EBC09} = {893DD448-96BF-4115-94D6-E85E6466F614}
		{79DC7B66-C46A-4B2E-930E-FCC22D95DC7F} = {893DD448-96BF-4115-94D6-E85E6466F614}
		{DB53A7F6-8B0C-4ECC-ABD7-B9415BB4F5CE} = {893DD448-96BF-4115-94D6-E85E6466F614}
		{ADD9513D-105D-4940-B4AD-808CD8DFB096} = {893DD448-96BF-4115-94D6-E85E6466F614}
		{BEB65404-8936-4D52-B141-51EDC9082B9D} = {893DD448-96BF-4115-94D6-E85E6466F614}
		{15353BE6-48B6-4208-A8F9-5548917EF551} = {893DD448-96BF-4115-94D6-E85E6466F614}
		{11C11E9D-9C73-45D2-ACC0-B0B86875C795} = {15353BE6-48B6-4208-A8F9-5548917EF551}
		{A1A276DE-946A-4A2D-B208-8712F4C80FAF} = {15353BE6-48B6-4208-A8F9-5548917EF551}
		{86480E06-8AE8-443E-A9F4-894DA8CD556C} = {15353BE6-48B6-4208-A8F9-5548917EF551}
		{DCE8356C-32D9-4414-AD4A-4103C2BEF422} = {86480E06-8AE8-443E-A9F4-894DA8CD556C}
		{7ABF9F2B-A1F9-4F08-A649-4CC04FAECD9A} = {36D4F041-A871-48E0-89FC-9B47E9A71383}
		{5DA110E0-F034-411D-A56E-7B9B265155DD} = {36D4F041-A871-48E0-89FC-9B47E9A71383}
		{ABD2E5AC-71EA-4F37-99C9-AC791465F748} = {36D4F041-A871-48E0-89FC-9B47E9A71383}
		{CFA6ED75-CBBC-4803-B448-BBD09B831510} = {36D4F041-A871-48E0-89FC-9B47E9A71383}
		{44745DD2-4506-45E0-BB5F-2170AE63EB25} = {36D4F041-A871-48E0-89FC-9B47E9A71383}
		{6EF2E1AA-B3C4-4507-BFF3-2D77B516CEEB} = {36D4F041-A871-48E0-89FC-9B47E9A71383}
		{FF6660E9-7930-4982-A879-92FA93B02DAA} = {86480E06-8AE8-443E-A9F4-894DA8CD556C}
		{5362F5DF-2860-4F16-853B-1CC491774FC5} = {15353BE6-48B6-4208-A8F9-5548917EF551}
		{DCC0A4CF-4AC0-4764-9698-59D4AA9786B7} = {893DD448-96BF-4115-94D6-E85E6466F614}
		{EEB88385-E027-405D-9D25-9BB758605BCC} = {36D4F041-A871-48E0-89FC-9B47E9A71383}
		{7E9586E1-97EC-4F36-9EF2-ACEDC8F80958} = {893DD448-96BF-4115-94D6-E85E6466F614}
		{102C5590-4401-491F-89A3-CF28896B65C9} = {893DD448-96BF-4115-94D6-E85E6466F614}
	EndGlobalSection
	GlobalSection(ExtensibilityGlobals) = postSolution
		SolutionGuid = {1ED67F7D-1272-45A2-A550-68A214A3899C}
	EndGlobalSection
EndGlobal
