Microsoft Visual Studio Solution File, Format Version 12.00
# Visual Studio 15
VisualStudioVersion = 15.0.27130.2036
MinimumVisualStudioVersion = 10.0.40219.1
Project("{2150E333-8FDC-42A3-9474-1A3956D46DE8}") = "Solution Items", "Solution Items", "{A6878F19-D808-40A3-AEB5-DEC78FA47D5C}"
	ProjectSection(SolutionItems) = preProject
		.editorconfig = .editorconfig
		appveyor.yml = appveyor.yml
		NuGet.Config = NuGet.Config
		stylecop.json = stylecop.json
	EndProjectSection
EndProject
Project("{2150E333-8FDC-42A3-9474-1A3956D46DE8}") = "src", "src", "{893DD448-96BF-4115-94D6-E85E6466F614}"
EndProject
Project("{2150E333-8FDC-42A3-9474-1A3956D46DE8}") = "test", "test", "{36D4F041-A871-48E0-89FC-9B47E9A71383}"
EndProject
Project("{9A19103F-16F7-4668-BE54-9A1E7A4F7556}") = "MvcToolkit.Core", "src\Lizards.MvcToolkit.Core\MvcToolkit.Core.csproj", "{549F923E-49E6-456D-B609-BD92B04A3AC2}"
EndProject
Project("{9A19103F-16F7-4668-BE54-9A1E7A4F7556}") = "Blocks.Data", "src\Lizards.MvcToolkit.Blocks.Data\Blocks.Data.csproj", "{5B7CC7DD-7878-4FBB-9FD4-965A406538F6}"
EndProject
Project("{2150E333-8FDC-42A3-9474-1A3956D46DE8}") = "demo", "demo", "{A9E1DD2E-AA13-486C-BD2F-3F20D983A3BC}"
EndProject
Project("{9A19103F-16F7-4668-BE54-9A1E7A4F7556}") = "Lizards.Mvctoolkit.Demo", "demo\Lizards.Mvctoolkit.Demo\Lizards.Mvctoolkit.Demo.csproj", "{CAFF517A-D331-4185-9501-E04E1AFEA86C}"
EndProject
Project("{F2A71F9B-5D33-465A-A702-920D77279786}") = "Unit", "test\Lizzards.Test.Unit\Unit.fsproj", "{DFA3D8B6-F012-4A3F-9A49-215FFED551A7}"
EndProject
Global
	GlobalSection(SolutionConfigurationPlatforms) = preSolution
		Debug|Any CPU = Debug|Any CPU
		Debug|x64 = Debug|x64
		Debug|x86 = Debug|x86
		Release|Any CPU = Release|Any CPU
		Release|x64 = Release|x64
		Release|x86 = Release|x86
	EndGlobalSection
	GlobalSection(ProjectConfigurationPlatforms) = postSolution
		{549F923E-49E6-456D-B609-BD92B04A3AC2}.Debug|Any CPU.ActiveCfg = Debug|Any CPU
		{549F923E-49E6-456D-B609-BD92B04A3AC2}.Debug|Any CPU.Build.0 = Debug|Any CPU
		{549F923E-49E6-456D-B609-BD92B04A3AC2}.Debug|x64.ActiveCfg = Debug|Any CPU
		{549F923E-49E6-456D-B609-BD92B04A3AC2}.Debug|x64.Build.0 = Debug|Any CPU
		{549F923E-49E6-456D-B609-BD92B04A3AC2}.Debug|x86.ActiveCfg = Debug|Any CPU
		{549F923E-49E6-456D-B609-BD92B04A3AC2}.Debug|x86.Build.0 = Debug|Any CPU
		{549F923E-49E6-456D-B609-BD92B04A3AC2}.Release|Any CPU.ActiveCfg = Release|Any CPU
		{549F923E-49E6-456D-B609-BD92B04A3AC2}.Release|Any CPU.Build.0 = Release|Any CPU
		{549F923E-49E6-456D-B609-BD92B04A3AC2}.Release|x64.ActiveCfg = Release|Any CPU
		{549F923E-49E6-456D-B609-BD92B04A3AC2}.Release|x64.Build.0 = Release|Any CPU
		{549F923E-49E6-456D-B609-BD92B04A3AC2}.Release|x86.ActiveCfg = Release|Any CPU
		{549F923E-49E6-456D-B609-BD92B04A3AC2}.Release|x86.Build.0 = Release|Any CPU
		{5B7CC7DD-7878-4FBB-9FD4-965A406538F6}.Debug|Any CPU.ActiveCfg = Debug|Any CPU
		{5B7CC7DD-7878-4FBB-9FD4-965A406538F6}.Debug|Any CPU.Build.0 = Debug|Any CPU
		{5B7CC7DD-7878-4FBB-9FD4-965A406538F6}.Debug|x64.ActiveCfg = Debug|Any CPU
		{5B7CC7DD-7878-4FBB-9FD4-965A406538F6}.Debug|x64.Build.0 = Debug|Any CPU
		{5B7CC7DD-7878-4FBB-9FD4-965A406538F6}.Debug|x86.ActiveCfg = Debug|Any CPU
		{5B7CC7DD-7878-4FBB-9FD4-965A406538F6}.Debug|x86.Build.0 = Debug|Any CPU
		{5B7CC7DD-7878-4FBB-9FD4-965A406538F6}.Release|Any CPU.ActiveCfg = Release|Any CPU
		{5B7CC7DD-7878-4FBB-9FD4-965A406538F6}.Release|Any CPU.Build.0 = Release|Any CPU
		{5B7CC7DD-7878-4FBB-9FD4-965A406538F6}.Release|x64.ActiveCfg = Release|Any CPU
		{5B7CC7DD-7878-4FBB-9FD4-965A406538F6}.Release|x64.Build.0 = Release|Any CPU
		{5B7CC7DD-7878-4FBB-9FD4-965A406538F6}.Release|x86.ActiveCfg = Release|Any CPU
		{5B7CC7DD-7878-4FBB-9FD4-965A406538F6}.Release|x86.Build.0 = Release|Any CPU
		{CAFF517A-D331-4185-9501-E04E1AFEA86C}.Debug|Any CPU.ActiveCfg = Debug|Any CPU
		{CAFF517A-D331-4185-9501-E04E1AFEA86C}.Debug|Any CPU.Build.0 = Debug|Any CPU
		{CAFF517A-D331-4185-9501-E04E1AFEA86C}.Debug|x64.ActiveCfg = Debug|Any CPU
		{CAFF517A-D331-4185-9501-E04E1AFEA86C}.Debug|x64.Build.0 = Debug|Any CPU
		{CAFF517A-D331-4185-9501-E04E1AFEA86C}.Debug|x86.ActiveCfg = Debug|Any CPU
		{CAFF517A-D331-4185-9501-E04E1AFEA86C}.Debug|x86.Build.0 = Debug|Any CPU
		{CAFF517A-D331-4185-9501-E04E1AFEA86C}.Release|Any CPU.ActiveCfg = Release|Any CPU
		{CAFF517A-D331-4185-9501-E04E1AFEA86C}.Release|Any CPU.Build.0 = Release|Any CPU
		{CAFF517A-D331-4185-9501-E04E1AFEA86C}.Release|x64.ActiveCfg = Release|Any CPU
		{CAFF517A-D331-4185-9501-E04E1AFEA86C}.Release|x64.Build.0 = Release|Any CPU
		{CAFF517A-D331-4185-9501-E04E1AFEA86C}.Release|x86.ActiveCfg = Release|Any CPU
		{CAFF517A-D331-4185-9501-E04E1AFEA86C}.Release|x86.Build.0 = Release|Any CPU
		{DFA3D8B6-F012-4A3F-9A49-215FFED551A7}.Debug|Any CPU.ActiveCfg = Debug|Any CPU
		{DFA3D8B6-F012-4A3F-9A49-215FFED551A7}.Debug|Any CPU.Build.0 = Debug|Any CPU
		{DFA3D8B6-F012-4A3F-9A49-215FFED551A7}.Debug|x64.ActiveCfg = Debug|Any CPU
		{DFA3D8B6-F012-4A3F-9A49-215FFED551A7}.Debug|x64.Build.0 = Debug|Any CPU
		{DFA3D8B6-F012-4A3F-9A49-215FFED551A7}.Debug|x86.ActiveCfg = Debug|Any CPU
		{DFA3D8B6-F012-4A3F-9A49-215FFED551A7}.Debug|x86.Build.0 = Debug|Any CPU
		{DFA3D8B6-F012-4A3F-9A49-215FFED551A7}.Release|Any CPU.ActiveCfg = Release|Any CPU
		{DFA3D8B6-F012-4A3F-9A49-215FFED551A7}.Release|Any CPU.Build.0 = Release|Any CPU
		{DFA3D8B6-F012-4A3F-9A49-215FFED551A7}.Release|x64.ActiveCfg = Release|Any CPU
		{DFA3D8B6-F012-4A3F-9A49-215FFED551A7}.Release|x64.Build.0 = Release|Any CPU
		{DFA3D8B6-F012-4A3F-9A49-215FFED551A7}.Release|x86.ActiveCfg = Release|Any CPU
		{DFA3D8B6-F012-4A3F-9A49-215FFED551A7}.Release|x86.Build.0 = Release|Any CPU
	EndGlobalSection
	GlobalSection(SolutionProperties) = preSolution
		HideSolutionNode = FALSE
	EndGlobalSection
	GlobalSection(NestedProjects) = preSolution
		{549F923E-49E6-456D-B609-BD92B04A3AC2} = {893DD448-96BF-4115-94D6-E85E6466F614}
		{5B7CC7DD-7878-4FBB-9FD4-965A406538F6} = {893DD448-96BF-4115-94D6-E85E6466F614}
		{CAFF517A-D331-4185-9501-E04E1AFEA86C} = {A9E1DD2E-AA13-486C-BD2F-3F20D983A3BC}
		{DFA3D8B6-F012-4A3F-9A49-215FFED551A7} = {36D4F041-A871-48E0-89FC-9B47E9A71383}
	EndGlobalSection
	GlobalSection(ExtensibilityGlobals) = postSolution
		SolutionGuid = {1ED67F7D-1272-45A2-A550-68A214A3899C}
	EndGlobalSection
EndGlobal
